
Microsoft Visual Studio Solution File, Format Version 12.00
# Visual Studio 15
VisualStudioVersion = 15.0.28307.779
MinimumVisualStudioVersion = 10.0.40219.1
Project("{FAE04EC0-301F-11D3-BF4B-00C04F79EFBC}") = "WEB-API-EXAM-PROJECT", "WEB-API-EXAM-PROJECT\WEB-API-EXAM-PROJECT.csproj", "{CE093355-6F96-4B11-BBE1-B56D11B32409}"
EndProject
Global
	GlobalSection(SolutionConfigurationPlatforms) = preSolution
		Debug|Any CPU = Debug|Any CPU
		Release|Any CPU = Release|Any CPU
	EndGlobalSection
	GlobalSection(ProjectConfigurationPlatforms) = postSolution
		{CE093355-6F96-4B11-BBE1-B56D11B32409}.Debug|Any CPU.ActiveCfg = Debug|Any CPU
		{CE093355-6F96-4B11-BBE1-B56D11B32409}.Debug|Any CPU.Build.0 = Debug|Any CPU
		{CE093355-6F96-4B11-BBE1-B56D11B32409}.Release|Any CPU.ActiveCfg = Release|Any CPU
		{CE093355-6F96-4B11-BBE1-B56D11B32409}.Release|Any CPU.Build.0 = Release|Any CPU
	EndGlobalSection
	GlobalSection(SolutionProperties) = preSolution
		HideSolutionNode = FALSE
	EndGlobalSection
	GlobalSection(ExtensibilityGlobals) = postSolution
		SolutionGuid = {E29F8AFF-BCD8-418C-B569-2228D2B5B4C1}
	EndGlobalSection
EndGlobal
